
Microsoft Visual Studio Solution File, Format Version 12.00
# Visual Studio 15
VisualStudioVersion = 15.0.27703.2026
MinimumVisualStudioVersion = 10.0.40219.1
Project("{FAE04EC0-301F-11D3-BF4B-00C04F79EFBC}") = "24Point", "JF1\24Point.csproj", "{F7B8F7B1-3043-49D6-89E5-CFCD21BAA482}"
EndProject
Project("{FAE04EC0-301F-11D3-BF4B-00C04F79EFBC}") = "Maze", "Maze\Maze.csproj", "{9B2E07F7-DA9C-4618-9990-5C702D4297F8}"
EndProject
Project("{FAE04EC0-301F-11D3-BF4B-00C04F79EFBC}") = "Game_1", "Game_1\Game_1.csproj", "{1A7B6841-745D-4FC8-BF24-2C4BF556B5B0}"
EndProject
Project("{FAE04EC0-301F-11D3-BF4B-00C04F79EFBC}") = "Game_2", "Game_2\Game_2.csproj", "{3F177985-AECE-49BE-BCD1-020D954D9243}"
EndProject
Project("{FAE04EC0-301F-11D3-BF4B-00C04F79EFBC}") = "MineWweeping", "MineWweeping\MineWweeping.csproj", "{0F152DF8-7E24-4F4C-9DFD-44C28E9BE0C0}"
EndProject
Global
	GlobalSection(SolutionConfigurationPlatforms) = preSolution
		BigStark|Any CPU = BigStark|Any CPU
		BigStark|x64 = BigStark|x64
		Debug|Any CPU = Debug|Any CPU
		Debug|x64 = Debug|x64
		Release|Any CPU = Release|Any CPU
		Release|x64 = Release|x64
	EndGlobalSection
	GlobalSection(ProjectConfigurationPlatforms) = postSolution
		{F7B8F7B1-3043-49D6-89E5-CFCD21BAA482}.BigStark|Any CPU.ActiveCfg = Release|Any CPU
		{F7B8F7B1-3043-49D6-89E5-CFCD21BAA482}.BigStark|Any CPU.Build.0 = Release|Any CPU
		{F7B8F7B1-3043-49D6-89E5-CFCD21BAA482}.BigStark|x64.ActiveCfg = Release|Any CPU
		{F7B8F7B1-3043-49D6-89E5-CFCD21BAA482}.BigStark|x64.Build.0 = Release|Any CPU
		{F7B8F7B1-3043-49D6-89E5-CFCD21BAA482}.Debug|Any CPU.ActiveCfg = Debug|Any CPU
		{F7B8F7B1-3043-49D6-89E5-CFCD21BAA482}.Debug|Any CPU.Build.0 = Debug|Any CPU
		{F7B8F7B1-3043-49D6-89E5-CFCD21BAA482}.Debug|x64.ActiveCfg = Debug|Any CPU
		{F7B8F7B1-3043-49D6-89E5-CFCD21BAA482}.Debug|x64.Build.0 = Debug|Any CPU
		{F7B8F7B1-3043-49D6-89E5-CFCD21BAA482}.Release|Any CPU.ActiveCfg = Release|Any CPU
		{F7B8F7B1-3043-49D6-89E5-CFCD21BAA482}.Release|Any CPU.Build.0 = Release|Any CPU
		{F7B8F7B1-3043-49D6-89E5-CFCD21BAA482}.Release|x64.ActiveCfg = Release|Any CPU
		{F7B8F7B1-3043-49D6-89E5-CFCD21BAA482}.Release|x64.Build.0 = Release|Any CPU
		{9B2E07F7-DA9C-4618-9990-5C702D4297F8}.BigStark|Any CPU.ActiveCfg = Release|Any CPU
		{9B2E07F7-DA9C-4618-9990-5C702D4297F8}.BigStark|Any CPU.Build.0 = Release|Any CPU
		{9B2E07F7-DA9C-4618-9990-5C702D4297F8}.BigStark|x64.ActiveCfg = Release|Any CPU
		{9B2E07F7-DA9C-4618-9990-5C702D4297F8}.BigStark|x64.Build.0 = Release|Any CPU
		{9B2E07F7-DA9C-4618-9990-5C702D4297F8}.Debug|Any CPU.ActiveCfg = Debug|Any CPU
		{9B2E07F7-DA9C-4618-9990-5C702D4297F8}.Debug|Any CPU.Build.0 = Debug|Any CPU
		{9B2E07F7-DA9C-4618-9990-5C702D4297F8}.Debug|x64.ActiveCfg = Debug|Any CPU
		{9B2E07F7-DA9C-4618-9990-5C702D4297F8}.Debug|x64.Build.0 = Debug|Any CPU
		{9B2E07F7-DA9C-4618-9990-5C702D4297F8}.Release|Any CPU.ActiveCfg = Release|Any CPU
		{9B2E07F7-DA9C-4618-9990-5C702D4297F8}.Release|Any CPU.Build.0 = Release|Any CPU
		{9B2E07F7-DA9C-4618-9990-5C702D4297F8}.Release|x64.ActiveCfg = Release|Any CPU
		{9B2E07F7-DA9C-4618-9990-5C702D4297F8}.Release|x64.Build.0 = Release|Any CPU
		{1A7B6841-745D-4FC8-BF24-2C4BF556B5B0}.BigStark|Any CPU.ActiveCfg = Release|Any CPU
		{1A7B6841-745D-4FC8-BF24-2C4BF556B5B0}.BigStark|Any CPU.Build.0 = Release|Any CPU
		{1A7B6841-745D-4FC8-BF24-2C4BF556B5B0}.BigStark|x64.ActiveCfg = Release|Any CPU
		{1A7B6841-745D-4FC8-BF24-2C4BF556B5B0}.BigStark|x64.Build.0 = Release|Any CPU
		{1A7B6841-745D-4FC8-BF24-2C4BF556B5B0}.Debug|Any CPU.ActiveCfg = Debug|Any CPU
		{1A7B6841-745D-4FC8-BF24-2C4BF556B5B0}.Debug|Any CPU.Build.0 = Debug|Any CPU
		{1A7B6841-745D-4FC8-BF24-2C4BF556B5B0}.Debug|x64.ActiveCfg = Debug|Any CPU
		{1A7B6841-745D-4FC8-BF24-2C4BF556B5B0}.Debug|x64.Build.0 = Debug|Any CPU
		{1A7B6841-745D-4FC8-BF24-2C4BF556B5B0}.Release|Any CPU.ActiveCfg = Release|Any CPU
		{1A7B6841-745D-4FC8-BF24-2C4BF556B5B0}.Release|Any CPU.Build.0 = Release|Any CPU
		{1A7B6841-745D-4FC8-BF24-2C4BF556B5B0}.Release|x64.ActiveCfg = Release|Any CPU
		{1A7B6841-745D-4FC8-BF24-2C4BF556B5B0}.Release|x64.Build.0 = Release|Any CPU
		{3F177985-AECE-49BE-BCD1-020D954D9243}.BigStark|Any CPU.ActiveCfg = Release|Any CPU
		{3F177985-AECE-49BE-BCD1-020D954D9243}.BigStark|Any CPU.Build.0 = Release|Any CPU
		{3F177985-AECE-49BE-BCD1-020D954D9243}.BigStark|x64.ActiveCfg = Release|Any CPU
		{3F177985-AECE-49BE-BCD1-020D954D9243}.BigStark|x64.Build.0 = Release|Any CPU
		{3F177985-AECE-49BE-BCD1-020D954D9243}.Debug|Any CPU.ActiveCfg = Debug|Any CPU
		{3F177985-AECE-49BE-BCD1-020D954D9243}.Debug|Any CPU.Build.0 = Debug|Any CPU
		{3F177985-AECE-49BE-BCD1-020D954D9243}.Debug|x64.ActiveCfg = Debug|Any CPU
		{3F177985-AECE-49BE-BCD1-020D954D9243}.Debug|x64.Build.0 = Debug|Any CPU
		{3F177985-AECE-49BE-BCD1-020D954D9243}.Release|Any CPU.ActiveCfg = Release|Any CPU
		{3F177985-AECE-49BE-BCD1-020D954D9243}.Release|Any CPU.Build.0 = Release|Any CPU
		{3F177985-AECE-49BE-BCD1-020D954D9243}.Release|x64.ActiveCfg = Release|Any CPU
		{3F177985-AECE-49BE-BCD1-020D954D9243}.Release|x64.Build.0 = Release|Any CPU
		{0F152DF8-7E24-4F4C-9DFD-44C28E9BE0C0}.BigStark|Any CPU.ActiveCfg = BigStark|Any CPU
		{0F152DF8-7E24-4F4C-9DFD-44C28E9BE0C0}.BigStark|Any CPU.Build.0 = BigStark|Any CPU
		{0F152DF8-7E24-4F4C-9DFD-44C28E9BE0C0}.BigStark|x64.ActiveCfg = BigStark|x64
		{0F152DF8-7E24-4F4C-9DFD-44C28E9BE0C0}.BigStark|x64.Build.0 = BigStark|x64
		{0F152DF8-7E24-4F4C-9DFD-44C28E9BE0C0}.Debug|Any CPU.ActiveCfg = Debug|Any CPU
		{0F152DF8-7E24-4F4C-9DFD-44C28E9BE0C0}.Debug|Any CPU.Build.0 = Debug|Any CPU
		{0F152DF8-7E24-4F4C-9DFD-44C28E9BE0C0}.Debug|x64.ActiveCfg = Debug|x64
		{0F152DF8-7E24-4F4C-9DFD-44C28E9BE0C0}.Debug|x64.Build.0 = Debug|x64
		{0F152DF8-7E24-4F4C-9DFD-44C28E9BE0C0}.Release|Any CPU.ActiveCfg = Release|Any CPU
		{0F152DF8-7E24-4F4C-9DFD-44C28E9BE0C0}.Release|Any CPU.Build.0 = Release|Any CPU
		{0F152DF8-7E24-4F4C-9DFD-44C28E9BE0C0}.Release|x64.ActiveCfg = Release|x64
		{0F152DF8-7E24-4F4C-9DFD-44C28E9BE0C0}.Release|x64.Build.0 = Release|x64
	EndGlobalSection
	GlobalSection(SolutionProperties) = preSolution
		HideSolutionNode = FALSE
	EndGlobalSection
	GlobalSection(ExtensibilityGlobals) = postSolution
		SolutionGuid = {9890132C-3430-4D79-A2FA-82E1F2BC514F}
	EndGlobalSection
EndGlobal
